
Microsoft Visual Studio Solution File, Format Version 12.00
# Visual Studio 14
VisualStudioVersion = 14.0.23107.0
MinimumVisualStudioVersion = 10.0.40219.1
Project("{FAE04EC0-301F-11D3-BF4B-00C04F79EFBC}") = "ObjectGraphMergeUtilityClass", "ObjectGraphMergeUtilityClass\ObjectGraphMergeUtilityClass.csproj", "{A978DFF5-AD78-4CDB-952E-E5187C58B899}"
EndProject
Project("{FAE04EC0-301F-11D3-BF4B-00C04F79EFBC}") = "ObjectGraphMergeUtilityClass.Tests", "ObjectGraphMergeUtilityClass.Tests\ObjectGraphMergeUtilityClass.Tests.csproj", "{5799B18F-F07E-4682-8493-9C8024AF79EA}"
EndProject
Global
	GlobalSection(SolutionConfigurationPlatforms) = preSolution
		Debug|Any CPU = Debug|Any CPU
		Release|Any CPU = Release|Any CPU
	EndGlobalSection
	GlobalSection(ProjectConfigurationPlatforms) = postSolution
		{A978DFF5-AD78-4CDB-952E-E5187C58B899}.Debug|Any CPU.ActiveCfg = Debug|Any CPU
		{A978DFF5-AD78-4CDB-952E-E5187C58B899}.Debug|Any CPU.Build.0 = Debug|Any CPU
		{A978DFF5-AD78-4CDB-952E-E5187C58B899}.Release|Any CPU.ActiveCfg = Release|Any CPU
		{A978DFF5-AD78-4CDB-952E-E5187C58B899}.Release|Any CPU.Build.0 = Release|Any CPU
		{5799B18F-F07E-4682-8493-9C8024AF79EA}.Debug|Any CPU.ActiveCfg = Debug|Any CPU
		{5799B18F-F07E-4682-8493-9C8024AF79EA}.Debug|Any CPU.Build.0 = Debug|Any CPU
		{5799B18F-F07E-4682-8493-9C8024AF79EA}.Release|Any CPU.ActiveCfg = Release|Any CPU
		{5799B18F-F07E-4682-8493-9C8024AF79EA}.Release|Any CPU.Build.0 = Release|Any CPU
	EndGlobalSection
	GlobalSection(SolutionProperties) = preSolution
		HideSolutionNode = FALSE
	EndGlobalSection
EndGlobal
